
Microsoft Visual Studio Solution File, Format Version 12.00
# Visual Studio Version 17
VisualStudioVersion = 17.10.35013.160
MinimumVisualStudioVersion = 10.0.40219.1
Project("{FAE04EC0-301F-11D3-BF4B-00C04F79EFBC}") = "Shaun_Faulkner_ST10034664_PROG6212_POE", "Shaun_Faulkner_ST10034664_PROG6212_POE\Shaun_Faulkner_ST10034664_PROG6212_POE.csproj", "{12FBF801-ECF3-4656-8FF6-1C4FB59CD97C}"
EndProject
Global
	GlobalSection(SolutionConfigurationPlatforms) = preSolution
		Debug|Any CPU = Debug|Any CPU
		Release|Any CPU = Release|Any CPU
	EndGlobalSection
	GlobalSection(ProjectConfigurationPlatforms) = postSolution
		{12FBF801-ECF3-4656-8FF6-1C4FB59CD97C}.Debug|Any CPU.ActiveCfg = Debug|Any CPU
		{12FBF801-ECF3-4656-8FF6-1C4FB59CD97C}.Debug|Any CPU.Build.0 = Debug|Any CPU
		{12FBF801-ECF3-4656-8FF6-1C4FB59CD97C}.Release|Any CPU.ActiveCfg = Release|Any CPU
		{12FBF801-ECF3-4656-8FF6-1C4FB59CD97C}.Release|Any CPU.Build.0 = Release|Any CPU
	EndGlobalSection
	GlobalSection(SolutionProperties) = preSolution
		HideSolutionNode = FALSE
	EndGlobalSection
	GlobalSection(ExtensibilityGlobals) = postSolution
		SolutionGuid = {0216073F-9786-4D2D-B8E1-0EA9AC5279F9}
	EndGlobalSection
EndGlobal
